
Microsoft Visual Studio Solution File, Format Version 12.00
# Visual Studio Version 16
VisualStudioVersion = 16.0.29926.136
MinimumVisualStudioVersion = 10.0.40219.1
Project("{FAE04EC0-301F-11D3-BF4B-00C04F79EFBC}") = "LoginRegistrationInMVCWithDatabase", "LoginRegistrationInMVCWithDatabase.csproj", "{B4F1366D-CC4F-4BD0-8763-C4CE4C2B24B3}"
EndProject
Global
	GlobalSection(SolutionConfigurationPlatforms) = preSolution
		Debug|Any CPU = Debug|Any CPU
		Release|Any CPU = Release|Any CPU
	EndGlobalSection
	GlobalSection(ProjectConfigurationPlatforms) = postSolution
		{B4F1366D-CC4F-4BD0-8763-C4CE4C2B24B3}.Debug|Any CPU.ActiveCfg = Debug|Any CPU
		{B4F1366D-CC4F-4BD0-8763-C4CE4C2B24B3}.Debug|Any CPU.Build.0 = Debug|Any CPU
		{B4F1366D-CC4F-4BD0-8763-C4CE4C2B24B3}.Release|Any CPU.ActiveCfg = Release|Any CPU
		{B4F1366D-CC4F-4BD0-8763-C4CE4C2B24B3}.Release|Any CPU.Build.0 = Release|Any CPU
	EndGlobalSection
	GlobalSection(SolutionProperties) = preSolution
		HideSolutionNode = FALSE
	EndGlobalSection
	GlobalSection(ExtensibilityGlobals) = postSolution
		SolutionGuid = {E0F3DA2E-AC95-4CFB-BD31-CDF30497D1CE}
	EndGlobalSection
EndGlobal
